
Microsoft Visual Studio Solution File, Format Version 12.00
# Visual Studio 15
VisualStudioVersion = 15.0.28307.1622
MinimumVisualStudioVersion = 10.0.40219.1
Project("{8BC9CEB8-8B4A-11D0-8D11-00A0C91BC942}") = "666", "666\666.vcxproj", "{EE852A36-F26F-4D6F-A92A-9D6EC5BCBBD9}"
EndProject
Global
	GlobalSection(SolutionConfigurationPlatforms) = preSolution
		Debug|x64 = Debug|x64
		Debug|x86 = Debug|x86
		Release|x64 = Release|x64
		Release|x86 = Release|x86
	EndGlobalSection
	GlobalSection(ProjectConfigurationPlatforms) = postSolution
		{EE852A36-F26F-4D6F-A92A-9D6EC5BCBBD9}.Debug|x64.ActiveCfg = Debug|x64
		{EE852A36-F26F-4D6F-A92A-9D6EC5BCBBD9}.Debug|x64.Build.0 = Debug|x64
		{EE852A36-F26F-4D6F-A92A-9D6EC5BCBBD9}.Debug|x86.ActiveCfg = Debug|Win32
		{EE852A36-F26F-4D6F-A92A-9D6EC5BCBBD9}.Debug|x86.Build.0 = Debug|Win32
		{EE852A36-F26F-4D6F-A92A-9D6EC5BCBBD9}.Release|x64.ActiveCfg = Release|x64
		{EE852A36-F26F-4D6F-A92A-9D6EC5BCBBD9}.Release|x64.Build.0 = Release|x64
		{EE852A36-F26F-4D6F-A92A-9D6EC5BCBBD9}.Release|x86.ActiveCfg = Release|Win32
		{EE852A36-F26F-4D6F-A92A-9D6EC5BCBBD9}.Release|x86.Build.0 = Release|Win32
	EndGlobalSection
	GlobalSection(SolutionProperties) = preSolution
		HideSolutionNode = FALSE
	EndGlobalSection
	GlobalSection(ExtensibilityGlobals) = postSolution
		SolutionGuid = {546CC236-A7BD-43DC-A4A2-72082249C770}
	EndGlobalSection
EndGlobal
